
Microsoft Visual Studio Solution File, Format Version 12.00
# Visual Studio 2012
Project("{FAE04EC0-301F-11D3-BF4B-00C04F79EFBC}") = "FpgUI", "FpgUI\FpgUI.csproj", "{8D8666EE-60E3-4106-8829-F591F4656C44}"
EndProject
Project("{FAE04EC0-301F-11D3-BF4B-00C04F79EFBC}") = "FpgUI.Wpf", "FpgUI.Wpf\FpgUI.Wpf.csproj", "{DF83FD73-A5E5-46E5-9DE2-D780F5BDDA9F}"
EndProject
Project("{FAE04EC0-301F-11D3-BF4B-00C04F79EFBC}") = "FpgUI.Gtk2", "FpgUI.Gtk2\FpgUI.Gtk2.csproj", "{610447CA-734A-43C5-9B84-0E701C66A433}"
EndProject
Project("{FAE04EC0-301F-11D3-BF4B-00C04F79EFBC}") = "FpgUI.Gtk3", "FpgUI.Gtk3\FpgUI.Gtk3.csproj", "{F971125B-A712-4557-84B0-06AF31AAAF62}"
EndProject
Project("{2150E333-8FDC-42A3-9474-1A3956D46DE8}") = "Libraries", "Libraries", "{EDB6FE31-DE9E-486E-AF4D-22A8F436E804}"
EndProject
Project("{FAE04EC0-301F-11D3-BF4B-00C04F79EFBC}") = "Xwt", "..\Lib\xwt\Xwt\Xwt.csproj", "{92494904-35FA-4DC9-BDE9-3A3E87AC49D3}"
EndProject
Project("{FAE04EC0-301F-11D3-BF4B-00C04F79EFBC}") = "Xwt.Gtk3", "..\Lib\xwt\Xwt.Gtk\Xwt.Gtk3.csproj", "{3B25FD1F-CEBA-4450-8893-DC330FDB56A7}"
EndProject
Project("{FAE04EC0-301F-11D3-BF4B-00C04F79EFBC}") = "Xwt.Gtk", "..\Lib\xwt\Xwt.Gtk\Xwt.Gtk.csproj", "{C3887A93-B2BD-4097-8E2F-3A063EFF32FD}"
EndProject
Project("{FAE04EC0-301F-11D3-BF4B-00C04F79EFBC}") = "Gtk3Test", "..\Lib\xwt\TestApps\Gtk3Test\Gtk3Test.csproj", "{22524E1F-A94D-4204-AD90-A5FFE73970EC}"
EndProject
Project("{FAE04EC0-301F-11D3-BF4B-00C04F79EFBC}") = "Samples", "..\Lib\xwt\TestApps\Samples\Samples.csproj", "{88C04B85-B69B-47B4-AB9F-64F6DD4E0897}"
EndProject
Global
	GlobalSection(SolutionConfigurationPlatforms) = preSolution
		Debug|Any CPU = Debug|Any CPU
		Release|Any CPU = Release|Any CPU
		Debug|x86 = Debug|x86
		Release|x86 = Release|x86
	EndGlobalSection
	GlobalSection(ProjectConfigurationPlatforms) = postSolution
		{22524E1F-A94D-4204-AD90-A5FFE73970EC}.Debug|Any CPU.ActiveCfg = Debug|Any CPU
		{22524E1F-A94D-4204-AD90-A5FFE73970EC}.Debug|Any CPU.Build.0 = Debug|Any CPU
		{22524E1F-A94D-4204-AD90-A5FFE73970EC}.Debug|x86.ActiveCfg = Debug|x86
		{22524E1F-A94D-4204-AD90-A5FFE73970EC}.Debug|x86.Build.0 = Debug|x86
		{22524E1F-A94D-4204-AD90-A5FFE73970EC}.Release|Any CPU.ActiveCfg = Release|Any CPU
		{22524E1F-A94D-4204-AD90-A5FFE73970EC}.Release|Any CPU.Build.0 = Release|Any CPU
		{22524E1F-A94D-4204-AD90-A5FFE73970EC}.Release|x86.ActiveCfg = Release|x86
		{22524E1F-A94D-4204-AD90-A5FFE73970EC}.Release|x86.Build.0 = Release|x86
		{3B25FD1F-CEBA-4450-8893-DC330FDB56A7}.Debug|Any CPU.ActiveCfg = Debug|Any CPU
		{3B25FD1F-CEBA-4450-8893-DC330FDB56A7}.Debug|Any CPU.Build.0 = Debug|Any CPU
		{3B25FD1F-CEBA-4450-8893-DC330FDB56A7}.Debug|x86.ActiveCfg = Debug|Any CPU
		{3B25FD1F-CEBA-4450-8893-DC330FDB56A7}.Debug|x86.Build.0 = Debug|Any CPU
		{3B25FD1F-CEBA-4450-8893-DC330FDB56A7}.Release|Any CPU.ActiveCfg = Release|Any CPU
		{3B25FD1F-CEBA-4450-8893-DC330FDB56A7}.Release|Any CPU.Build.0 = Release|Any CPU
		{3B25FD1F-CEBA-4450-8893-DC330FDB56A7}.Release|x86.ActiveCfg = Release|Any CPU
		{3B25FD1F-CEBA-4450-8893-DC330FDB56A7}.Release|x86.Build.0 = Release|Any CPU
		{610447CA-734A-43C5-9B84-0E701C66A433}.Debug|Any CPU.ActiveCfg = Debug|x86
		{610447CA-734A-43C5-9B84-0E701C66A433}.Debug|Any CPU.Build.0 = Debug|x86
		{610447CA-734A-43C5-9B84-0E701C66A433}.Debug|x86.ActiveCfg = Debug|x86
		{610447CA-734A-43C5-9B84-0E701C66A433}.Debug|x86.Build.0 = Debug|x86
		{610447CA-734A-43C5-9B84-0E701C66A433}.Release|Any CPU.ActiveCfg = Debug|x86
		{610447CA-734A-43C5-9B84-0E701C66A433}.Release|Any CPU.Build.0 = Debug|x86
		{610447CA-734A-43C5-9B84-0E701C66A433}.Release|x86.ActiveCfg = Release|x86
		{610447CA-734A-43C5-9B84-0E701C66A433}.Release|x86.Build.0 = Release|x86
		{88C04B85-B69B-47B4-AB9F-64F6DD4E0897}.Debug|Any CPU.ActiveCfg = Debug|Any CPU
		{88C04B85-B69B-47B4-AB9F-64F6DD4E0897}.Debug|Any CPU.Build.0 = Debug|Any CPU
		{88C04B85-B69B-47B4-AB9F-64F6DD4E0897}.Debug|x86.ActiveCfg = Debug|Any CPU
		{88C04B85-B69B-47B4-AB9F-64F6DD4E0897}.Debug|x86.Build.0 = Debug|Any CPU
		{88C04B85-B69B-47B4-AB9F-64F6DD4E0897}.Release|Any CPU.ActiveCfg = Release|Any CPU
		{88C04B85-B69B-47B4-AB9F-64F6DD4E0897}.Release|Any CPU.Build.0 = Release|Any CPU
		{88C04B85-B69B-47B4-AB9F-64F6DD4E0897}.Release|x86.ActiveCfg = Release|Any CPU
		{88C04B85-B69B-47B4-AB9F-64F6DD4E0897}.Release|x86.Build.0 = Release|Any CPU
		{8D8666EE-60E3-4106-8829-F591F4656C44}.Debug|Any CPU.ActiveCfg = Debug|Any CPU
		{8D8666EE-60E3-4106-8829-F591F4656C44}.Debug|Any CPU.Build.0 = Debug|Any CPU
		{8D8666EE-60E3-4106-8829-F591F4656C44}.Debug|x86.ActiveCfg = Debug|Any CPU
		{8D8666EE-60E3-4106-8829-F591F4656C44}.Debug|x86.Build.0 = Debug|Any CPU
		{8D8666EE-60E3-4106-8829-F591F4656C44}.Release|Any CPU.ActiveCfg = Release|Any CPU
		{8D8666EE-60E3-4106-8829-F591F4656C44}.Release|Any CPU.Build.0 = Release|Any CPU
		{8D8666EE-60E3-4106-8829-F591F4656C44}.Release|x86.ActiveCfg = Release|Any CPU
		{8D8666EE-60E3-4106-8829-F591F4656C44}.Release|x86.Build.0 = Release|Any CPU
		{92494904-35FA-4DC9-BDE9-3A3E87AC49D3}.Debug|Any CPU.ActiveCfg = Debug|Any CPU
		{92494904-35FA-4DC9-BDE9-3A3E87AC49D3}.Debug|Any CPU.Build.0 = Debug|Any CPU
		{92494904-35FA-4DC9-BDE9-3A3E87AC49D3}.Debug|x86.ActiveCfg = Debug|Any CPU
		{92494904-35FA-4DC9-BDE9-3A3E87AC49D3}.Debug|x86.Build.0 = Debug|Any CPU
		{92494904-35FA-4DC9-BDE9-3A3E87AC49D3}.Release|Any CPU.ActiveCfg = Release|Any CPU
		{92494904-35FA-4DC9-BDE9-3A3E87AC49D3}.Release|Any CPU.Build.0 = Release|Any CPU
		{92494904-35FA-4DC9-BDE9-3A3E87AC49D3}.Release|x86.ActiveCfg = Release|Any CPU
		{92494904-35FA-4DC9-BDE9-3A3E87AC49D3}.Release|x86.Build.0 = Release|Any CPU
		{C3887A93-B2BD-4097-8E2F-3A063EFF32FD}.Debug|Any CPU.ActiveCfg = Debug|Any CPU
		{C3887A93-B2BD-4097-8E2F-3A063EFF32FD}.Debug|Any CPU.Build.0 = Debug|Any CPU
		{C3887A93-B2BD-4097-8E2F-3A063EFF32FD}.Debug|x86.ActiveCfg = Debug|Any CPU
		{C3887A93-B2BD-4097-8E2F-3A063EFF32FD}.Debug|x86.Build.0 = Debug|Any CPU
		{C3887A93-B2BD-4097-8E2F-3A063EFF32FD}.Release|Any CPU.ActiveCfg = Release|Any CPU
		{C3887A93-B2BD-4097-8E2F-3A063EFF32FD}.Release|Any CPU.Build.0 = Release|Any CPU
		{C3887A93-B2BD-4097-8E2F-3A063EFF32FD}.Release|x86.ActiveCfg = Release|Any CPU
		{C3887A93-B2BD-4097-8E2F-3A063EFF32FD}.Release|x86.Build.0 = Release|Any CPU
		{DF83FD73-A5E5-46E5-9DE2-D780F5BDDA9F}.Debug|Any CPU.ActiveCfg = Debug|x86
		{DF83FD73-A5E5-46E5-9DE2-D780F5BDDA9F}.Debug|Any CPU.Build.0 = Debug|x86
		{DF83FD73-A5E5-46E5-9DE2-D780F5BDDA9F}.Debug|x86.ActiveCfg = Debug|x86
		{DF83FD73-A5E5-46E5-9DE2-D780F5BDDA9F}.Debug|x86.Build.0 = Debug|x86
		{DF83FD73-A5E5-46E5-9DE2-D780F5BDDA9F}.Release|Any CPU.ActiveCfg = Debug|x86
		{DF83FD73-A5E5-46E5-9DE2-D780F5BDDA9F}.Release|Any CPU.Build.0 = Debug|x86
		{DF83FD73-A5E5-46E5-9DE2-D780F5BDDA9F}.Release|x86.ActiveCfg = Release|x86
		{DF83FD73-A5E5-46E5-9DE2-D780F5BDDA9F}.Release|x86.Build.0 = Release|x86
		{F971125B-A712-4557-84B0-06AF31AAAF62}.Debug|Any CPU.ActiveCfg = Debug|x86
		{F971125B-A712-4557-84B0-06AF31AAAF62}.Debug|Any CPU.Build.0 = Debug|x86
		{F971125B-A712-4557-84B0-06AF31AAAF62}.Debug|x86.ActiveCfg = Debug|x86
		{F971125B-A712-4557-84B0-06AF31AAAF62}.Debug|x86.Build.0 = Debug|x86
		{F971125B-A712-4557-84B0-06AF31AAAF62}.Release|Any CPU.ActiveCfg = Debug|x86
		{F971125B-A712-4557-84B0-06AF31AAAF62}.Release|Any CPU.Build.0 = Debug|x86
		{F971125B-A712-4557-84B0-06AF31AAAF62}.Release|x86.ActiveCfg = Release|x86
		{F971125B-A712-4557-84B0-06AF31AAAF62}.Release|x86.Build.0 = Release|x86
	EndGlobalSection
	GlobalSection(NestedProjects) = preSolution
		{92494904-35FA-4DC9-BDE9-3A3E87AC49D3} = {EDB6FE31-DE9E-486E-AF4D-22A8F436E804}
		{3B25FD1F-CEBA-4450-8893-DC330FDB56A7} = {EDB6FE31-DE9E-486E-AF4D-22A8F436E804}
		{C3887A93-B2BD-4097-8E2F-3A063EFF32FD} = {EDB6FE31-DE9E-486E-AF4D-22A8F436E804}
		{22524E1F-A94D-4204-AD90-A5FFE73970EC} = {EDB6FE31-DE9E-486E-AF4D-22A8F436E804}
		{88C04B85-B69B-47B4-AB9F-64F6DD4E0897} = {EDB6FE31-DE9E-486E-AF4D-22A8F436E804}
	EndGlobalSection
EndGlobal
